// !$*UTF8*$!
{
	archiveVersion = 1;
	classes = {
	};
	objectVersion = 46;
	objects = {

/* Begin PBXBuildFile section */
		A7A4E1FE1CA914AC00D2D8E1 /* AppDelegate.swift in Sources */ = {isa = PBXBuildFile; fileRef = A7A4E1FD1CA914AC00D2D8E1 /* AppDelegate.swift */; };
		A7A4E2001CA914AC00D2D8E1 /* ViewController.swift in Sources */ = {isa = PBXBuildFile; fileRef = A7A4E1FF1CA914AC00D2D8E1 /* ViewController.swift */; };
		A7A4E2031CA914AC00D2D8E1 /* Main.storyboard in Resources */ = {isa = PBXBuildFile; fileRef = A7A4E2011CA914AC00D2D8E1 /* Main.storyboard */; };
		A7A4E2061CA914AC00D2D8E1 /* ejemplo_mapas.xcdatamodeld in Sources */ = {isa = PBXBuildFile; fileRef = A7A4E2041CA914AC00D2D8E1 /* ejemplo_mapas.xcdatamodeld */; };
		A7A4E2081CA914AC00D2D8E1 /* Assets.xcassets in Resources */ = {isa = PBXBuildFile; fileRef = A7A4E2071CA914AC00D2D8E1 /* Assets.xcassets */; };
		A7A4E20B1CA914AC00D2D8E1 /* LaunchScreen.storyboard in Resources */ = {isa = PBXBuildFile; fileRef = A7A4E2091CA914AC00D2D8E1 /* LaunchScreen.storyboard */; };
		A7A4E2161CA914AD00D2D8E1 /* ejemplo_mapasTests.swift in Sources */ = {isa = PBXBuildFile; fileRef = A7A4E2151CA914AD00D2D8E1 /* ejemplo_mapasTests.swift */; };
		A7A4E2211CA914AD00D2D8E1 /* ejemplo_mapasUITests.swift in Sources */ = {isa = PBXBuildFile; fileRef = A7A4E2201CA914AD00D2D8E1 /* ejemplo_mapasUITests.swift */; };
/* End PBXBuildFile section */

/* Begin PBXContainerItemProxy section */
		A7A4E2121CA914AD00D2D8E1 /* PBXContainerItemProxy */ = {
			isa = PBXContainerItemProxy;
			containerPortal = A7A4E1F21CA914AC00D2D8E1 /* Project object */;
			proxyType = 1;
			remoteGlobalIDString = A7A4E1F91CA914AC00D2D8E1;
			remoteInfo = "ejemplo mapas";
		};
		A7A4E21D1CA914AD00D2D8E1 /* PBXContainerItemProxy */ = {
			isa = PBXContainerItemProxy;
			containerPortal = A7A4E1F21CA914AC00D2D8E1 /* Project object */;
			proxyType = 1;
			remoteGlobalIDString = A7A4E1F91CA914AC00D2D8E1;
			remoteInfo = "ejemplo mapas";
		};
/* End PBXContainerItemProxy section */

/* Begin PBXFileReference section */
		A7A4E1FA1CA914AC00D2D8E1 /* ejemplo mapas.app */ = {isa = PBXFileReference; explicitFileType = wrapper.application; includeInIndex = 0; path = "ejemplo mapas.app"; sourceTree = BUILT_PRODUCTS_DIR; };
		A7A4E1FD1CA914AC00D2D8E1 /* AppDelegate.swift */ = {isa = PBXFileReference; lastKnownFileType = sourcecode.swift; path = AppDelegate.swift; sourceTree = "<group>"; };
		A7A4E1FF1CA914AC00D2D8E1 /* ViewController.swift */ = {isa = PBXFileReference; lastKnownFileType = sourcecode.swift; path = ViewController.swift; sourceTree = "<group>"; };
		A7A4E2021CA914AC00D2D8E1 /* Base */ = {isa = PBXFileReference; lastKnownFileType = file.storyboard; name = Base; path = Base.lproj/Main.storyboard; sourceTree = "<group>"; };
		A7A4E2051CA914AC00D2D8E1 /* ejemplo_mapas.xcdatamodel */ = {isa = PBXFileReference; lastKnownFileType = wrapper.xcdatamodel; path = ejemplo_mapas.xcdatamodel; sourceTree = "<group>"; };
		A7A4E2071CA914AC00D2D8E1 /* Assets.xcassets */ = {isa = PBXFileReference; lastKnownFileType = folder.assetcatalog; path = Assets.xcassets; sourceTree = "<group>"; };
		A7A4E20A1CA914AC00D2D8E1 /* Base */ = {isa = PBXFileReference; lastKnownFileType = file.storyboard; name = Base; path = Base.lproj/LaunchScreen.storyboard; sourceTree = "<group>"; };
		A7A4E20C1CA914AC00D2D8E1 /* Info.plist */ = {isa = PBXFileReference; lastKnownFileType = text.plist.xml; path = Info.plist; sourceTree = "<group>"; };
		A7A4E2111CA914AD00D2D8E1 /* ejemplo mapasTests.xctest */ = {isa = PBXFileReference; explicitFileType = wrapper.cfbundle; includeInIndex = 0; path = "ejemplo mapasTests.xctest"; sourceTree = BUILT_PRODUCTS_DIR; };
		A7A4E2151CA914AD00D2D8E1 /* ejemplo_mapasTests.swift */ = {isa = PBXFileReference; lastKnownFileType = sourcecode.swift; path = ejemplo_mapasTests.swift; sourceTree = "<group>"; };
		A7A4E2171CA914AD00D2D8E1 /* Info.plist */ = {isa = PBXFileReference; lastKnownFileType = text.plist.xml; path = Info.plist; sourceTree = "<group>"; };
		A7A4E21C1CA914AD00D2D8E1 /* ejemplo mapasUITests.xctest */ = {isa = PBXFileReference; explicitFileType = wrapper.cfbundle; includeInIndex = 0; path = "ejemplo mapasUITests.xctest"; sourceTree = BUILT_PRODUCTS_DIR; };
		A7A4E2201CA914AD00D2D8E1 /* ejemplo_mapasUITests.swift */ = {isa = PBXFileReference; lastKnownFileType = sourcecode.swift; path = ejemplo_mapasUITests.swift; sourceTree = "<group>"; };
		A7A4E2221CA914AD00D2D8E1 /* Info.plist */ = {isa = PBXFileReference; lastKnownFileType = text.plist.xml; path = Info.plist; sourceTree = "<group>"; };
/* End PBXFileReference section */

/* Begin PBXFrameworksBuildPhase section */
		A7A4E1F71CA914AC00D2D8E1 /* Frameworks */ = {
			isa = PBXFrameworksBuildPhase;
			buildActionMask = 2147483647;
			files = (
			);
			runOnlyForDeploymentPostprocessing = 0;
		};
		A7A4E20E1CA914AD00D2D8E1 /* Frameworks */ = {
			isa = PBXFrameworksBuildPhase;
			buildActionMask = 2147483647;
			files = (
			);
			runOnlyForDeploymentPostprocessing = 0;
		};
		A7A4E2191CA914AD00D2D8E1 /* Frameworks */ = {
			isa = PBXFrameworksBuildPhase;
			buildActionMask = 2147483647;
			files = (
			);
			runOnlyForDeploymentPostprocessing = 0;
		};
/* End PBXFrameworksBuildPhase section */

/* Begin PBXGroup section */
		A7A4E1F11CA914AC00D2D8E1 = {
			isa = PBXGroup;
			children = (
				A7A4E1FC1CA914AC00D2D8E1 /* ejemplo mapas */,
				A7A4E2141CA914AD00D2D8E1 /* ejemplo mapasTests */,
				A7A4E21F1CA914AD00D2D8E1 /* ejemplo mapasUITests */,
				A7A4E1FB1CA914AC00D2D8E1 /* Products */,
			);
			sourceTree = "<group>";
		};
		A7A4E1FB1CA914AC00D2D8E1 /* Products */ = {
			isa = PBXGroup;
			children = (
				A7A4E1FA1CA914AC00D2D8E1 /* ejemplo mapas.app */,
				A7A4E2111CA914AD00D2D8E1 /* ejemplo mapasTests.xctest */,
				A7A4E21C1CA914AD00D2D8E1 /* ejemplo mapasUITests.xctest */,
			);
			name = Products;
			sourceTree = "<group>";
		};
		A7A4E1FC1CA914AC00D2D8E1 /* ejemplo mapas */ = {
			isa = PBXGroup;
			children = (
				A7A4E1FD1CA914AC00D2D8E1 /* AppDelegate.swift */,
				A7A4E1FF1CA914AC00D2D8E1 /* ViewController.swift */,
				A7A4E2011CA914AC00D2D8E1 /* Main.storyboard */,
				A7A4E2071CA914AC00D2D8E1 /* Assets.xcassets */,
				A7A4E2091CA914AC00D2D8E1 /* LaunchScreen.storyboard */,
				A7A4E20C1CA914AC00D2D8E1 /* Info.plist */,
				A7A4E2041CA914AC00D2D8E1 /* ejemplo_mapas.xcdatamodeld */,
			);
			path = "ejemplo mapas";
			sourceTree = "<group>";
		};
		A7A4E2141CA914AD00D2D8E1 /* ejemplo mapasTests */ = {
			isa = PBXGroup;
			children = (
				A7A4E2151CA914AD00D2D8E1 /* ejemplo_mapasTests.swift */,
				A7A4E2171CA914AD00D2D8E1 /* Info.plist */,
			);
			path = "ejemplo mapasTests";
			sourceTree = "<group>";
		};
		A7A4E21F1CA914AD00D2D8E1 /* ejemplo mapasUITests */ = {
			isa = PBXGroup;
			children = (
				A7A4E2201CA914AD00D2D8E1 /* ejemplo_mapasUITests.swift */,
				A7A4E2221CA914AD00D2D8E1 /* Info.plist */,
			);
			path = "ejemplo mapasUITests";
			sourceTree = "<group>";
		};
/* End PBXGroup section */

/* Begin PBXNativeTarget section */
		A7A4E1F91CA914AC00D2D8E1 /* ejemplo mapas */ = {
			isa = PBXNativeTarget;
			buildConfigurationList = A7A4E2251CA914AD00D2D8E1 /* Build configuration list for PBXNativeTarget "ejemplo mapas" */;
			buildPhases = (
				A7A4E1F61CA914AC00D2D8E1 /* Sources */,
				A7A4E1F71CA914AC00D2D8E1 /* Frameworks */,
				A7A4E1F81CA914AC00D2D8E1 /* Resources */,
			);
			buildRules = (
			);
			dependencies = (
			);
			name = "ejemplo mapas";
			productName = "ejemplo mapas";
			productReference = A7A4E1FA1CA914AC00D2D8E1 /* ejemplo mapas.app */;
			productType = "com.apple.product-type.application";
		};
		A7A4E2101CA914AD00D2D8E1 /* ejemplo mapasTests */ = {
			isa = PBXNativeTarget;
			buildConfigurationList = A7A4E2281CA914AD00D2D8E1 /* Build configuration list for PBXNativeTarget "ejemplo mapasTests" */;
			buildPhases = (
				A7A4E20D1CA914AD00D2D8E1 /* Sources */,
				A7A4E20E1CA914AD00D2D8E1 /* Frameworks */,
				A7A4E20F1CA914AD00D2D8E1 /* Resources */,
			);
			buildRules = (
			);
			dependencies = (
				A7A4E2131CA914AD00D2D8E1 /* PBXTargetDependency */,
			);
			name = "ejemplo mapasTests";
			productName = "ejemplo mapasTests";
			productReference = A7A4E2111CA914AD00D2D8E1 /* ejemplo mapasTests.xctest */;
			productType = "com.apple.product-type.bundle.unit-test";
		};
		A7A4E21B1CA914AD00D2D8E1 /* ejemplo mapasUITests */ = {
			isa = PBXNativeTarget;
			buildConfigurationList = A7A4E22B1CA914AD00D2D8E1 /* Build configuration list for PBXNativeTarget "ejemplo mapasUITests" */;
			buildPhases = (
				A7A4E2181CA914AD00D2D8E1 /* Sources */,
				A7A4E2191CA914AD00D2D8E1 /* Frameworks */,
				A7A4E21A1CA914AD00D2D8E1 /* Resources */,
			);
			buildRules = (
			);
			dependencies = (
				A7A4E21E1CA914AD00D2D8E1 /* PBXTargetDependency */,
			);
			name = "ejemplo mapasUITests";
			productName = "ejemplo mapasUITests";
			productReference = A7A4E21C1CA914AD00D2D8E1 /* ejemplo mapasUITests.xctest */;
			productType = "com.apple.product-type.bundle.ui-testing";
		};
/* End PBXNativeTarget section */

/* Begin PBXProject section */
		A7A4E1F21CA914AC00D2D8E1 /* Project object */ = {
			isa = PBXProject;
			attributes = {
				LastSwiftUpdateCheck = 0720;
				LastUpgradeCheck = 0720;
				ORGANIZATIONNAME = Melo;
				TargetAttributes = {
					A7A4E1F91CA914AC00D2D8E1 = {
						CreatedOnToolsVersion = 7.2.1;
						DevelopmentTeam = HN5JPC5ZME;
					};
					A7A4E2101CA914AD00D2D8E1 = {
						CreatedOnToolsVersion = 7.2.1;
						DevelopmentTeam = HN5JPC5ZME;
						TestTargetID = A7A4E1F91CA914AC00D2D8E1;
					};
					A7A4E21B1CA914AD00D2D8E1 = {
						CreatedOnToolsVersion = 7.2.1;
						DevelopmentTeam = HN5JPC5ZME;
						TestTargetID = A7A4E1F91CA914AC00D2D8E1;
					};
				};
			};
			buildConfigurationList = A7A4E1F51CA914AC00D2D8E1 /* Build configuration list for PBXProject "ejemplo mapas" */;
			compatibilityVersion = "Xcode 3.2";
			developmentRegion = English;
			hasScannedForEncodings = 0;
			knownRegions = (
				en,
				Base,
			);
			mainGroup = A7A4E1F11CA914AC00D2D8E1;
			productRefGroup = A7A4E1FB1CA914AC00D2D8E1 /* Products */;
			projectDirPath = "";
			projectRoot = "";
			targets = (
				A7A4E1F91CA914AC00D2D8E1 /* ejemplo mapas */,
				A7A4E2101CA914AD00D2D8E1 /* ejemplo mapasTests */,
				A7A4E21B1CA914AD00D2D8E1 /* ejemplo mapasUITests */,
			);
		};
/* End PBXProject section */

/* Begin PBXResourcesBuildPhase section */
		A7A4E1F81CA914AC00D2D8E1 /* Resources */ = {
			isa = PBXResourcesBuildPhase;
			buildActionMask = 2147483647;
			files = (
				A7A4E20B1CA914AC00D2D8E1 /* LaunchScreen.storyboard in Resources */,
				A7A4E2081CA914AC00D2D8E1 /* Assets.xcassets in Resources */,
				A7A4E2031CA914AC00D2D8E1 /* Main.storyboard in Resources */,
			);
			runOnlyForDeploymentPostprocessing = 0;
		};
		A7A4E20F1CA914AD00D2D8E1 /* Resources */ = {
			isa = PBXResourcesBuildPhase;
			buildActionMask = 2147483647;
			files = (
			);
			runOnlyForDeploymentPostprocessing = 0;
		};
		A7A4E21A1CA914AD00D2D8E1 /* Resources */ = {
			isa = PBXResourcesBuildPhase;
			buildActionMask = 2147483647;
			files = (
			);
			runOnlyForDeploymentPostprocessing = 0;
		};
/* End PBXResourcesBuildPhase section */

/* Begin PBXSourcesBuildPhase section */
		A7A4E1F61CA914AC00D2D8E1 /* Sources */ = {
			isa = PBXSourcesBuildPhase;
			buildActionMask = 2147483647;
			files = (
				A7A4E2061CA914AC00D2D8E1 /* ejemplo_mapas.xcdatamodeld in Sources */,
				A7A4E2001CA914AC00D2D8E1 /* ViewController.swift in Sources */,
				A7A4E1FE1CA914AC00D2D8E1 /* AppDelegate.swift in Sources */,
			);
			runOnlyForDeploymentPostprocessing = 0;
		};
		A7A4E20D1CA914AD00D2D8E1 /* Sources */ = {
			isa = PBXSourcesBuildPhase;
			buildActionMask = 2147483647;
			files = (
				A7A4E2161CA914AD00D2D8E1 /* ejemplo_mapasTests.swift in Sources */,
			);
			runOnlyForDeploymentPostprocessing = 0;
		};
		A7A4E2181CA914AD00D2D8E1 /* Sources */ = {
			isa = PBXSourcesBuildPhase;
			buildActionMask = 2147483647;
			files = (
				A7A4E2211CA914AD00D2D8E1 /* ejemplo_mapasUITests.swift in Sources */,
			);
			runOnlyForDeploymentPostprocessing = 0;
		};
/* End PBXSourcesBuildPhase section */

/* Begin PBXTargetDependency section */
		A7A4E2131CA914AD00D2D8E1 /* PBXTargetDependency */ = {
			isa = PBXTargetDependency;
			target = A7A4E1F91CA914AC00D2D8E1 /* ejemplo mapas */;
			targetProxy = A7A4E2121CA914AD00D2D8E1 /* PBXContainerItemProxy */;
		};
		A7A4E21E1CA914AD00D2D8E1 /* PBXTargetDependency */ = {
			isa = PBXTargetDependency;
			target = A7A4E1F91CA914AC00D2D8E1 /* ejemplo mapas */;
			targetProxy = A7A4E21D1CA914AD00D2D8E1 /* PBXContainerItemProxy */;
		};
/* End PBXTargetDependency section */

/* Begin PBXVariantGroup section */
		A7A4E2011CA914AC00D2D8E1 /* Main.storyboard */ = {
			isa = PBXVariantGroup;
			children = (
				A7A4E2021CA914AC00D2D8E1 /* Base */,
			);
			name = Main.storyboard;
			sourceTree = "<group>";
		};
		A7A4E2091CA914AC00D2D8E1 /* LaunchScreen.storyboard */ = {
			isa = PBXVariantGroup;
			children = (
				A7A4E20A1CA914AC00D2D8E1 /* Base */,
			);
			name = LaunchScreen.storyboard;
			sourceTree = "<group>";
		};
/* End PBXVariantGroup section */

/* Begin XCBuildConfiguration section */
		A7A4E2231CA914AD00D2D8E1 /* Debug */ = {
			isa = XCBuildConfiguration;
			buildSettings = {
				ALWAYS_SEARCH_USER_PATHS = NO;
				CLANG_CXX_LANGUAGE_STANDARD = "gnu++0x";
				CLANG_CXX_LIBRARY = "libc++";
				CLANG_ENABLE_MODULES = YES;
				CLANG_ENABLE_OBJC_ARC = YES;
				CLANG_WARN_BOOL_CONVERSION = YES;
				CLANG_WARN_CONSTANT_CONVERSION = YES;
				CLANG_WARN_DIRECT_OBJC_ISA_USAGE = YES_ERROR;
				CLANG_WARN_EMPTY_BODY = YES;
				CLANG_WARN_ENUM_CONVERSION = YES;
				CLANG_WARN_INT_CONVERSION = YES;
				CLANG_WARN_OBJC_ROOT_CLASS = YES_ERROR;
				CLANG_WARN_UNREACHABLE_CODE = YES;
				CLANG_WARN__DUPLICATE_METHOD_MATCH = YES;
				"CODE_SIGN_IDENTITY[sdk=iphoneos*]" = "iPhone Developer";
				COPY_PHASE_STRIP = NO;
				DEBUG_INFORMATION_FORMAT = dwarf;
				ENABLE_STRICT_OBJC_MSGSEND = YES;
				ENABLE_TESTABILITY = YES;
				GCC_C_LANGUAGE_STANDARD = gnu99;
				GCC_DYNAMIC_NO_PIC = NO;
				GCC_NO_COMMON_BLOCKS = YES;
				GCC_OPTIMIZATION_LEVEL = 0;
				GCC_PREPROCESSOR_DEFINITIONS = (
					"DEBUG=1",
					"$(inherited)",
				);
				GCC_WARN_64_TO_32_BIT_CONVERSION = YES;
				GCC_WARN_ABOUT_RETURN_TYPE = YES_ERROR;
				GCC_WARN_UNDECLARED_SELECTOR = YES;
				GCC_WARN_UNINITIALIZED_AUTOS = YES_AGGRESSIVE;
				GCC_WARN_UNUSED_FUNCTION = YES;
				GCC_WARN_UNUSED_VARIABLE = YES;
				IPHONEOS_DEPLOYMENT_TARGET = 9.2;
				MTL_ENABLE_DEBUG_INFO = YES;
				ONLY_ACTIVE_ARCH = YES;
				SDKROOT = iphoneos;
				SWIFT_OPTIMIZATION_LEVEL = "-Onone";
				TARGETED_DEVICE_FAMILY = "1,2";
			};
			name = Debug;
		};
		A7A4E2241CA914AD00D2D8E1 /* Release */ = {
			isa = XCBuildConfiguration;
			buildSettings = {
				ALWAYS_SEARCH_USER_PATHS = NO;
				CLANG_CXX_LANGUAGE_STANDARD = "gnu++0x";
				CLANG_CXX_LIBRARY = "libc++";
				CLANG_ENABLE_MODULES = YES;
				CLANG_ENABLE_OBJC_ARC = YES;
				CLANG_WARN_BOOL_CONVERSION = YES;
				CLANG_WARN_CONSTANT_CONVERSION = YES;
				CLANG_WARN_DIRECT_OBJC_ISA_USAGE = YES_ERROR;
				CLANG_WARN_EMPTY_BODY = YES;
				CLANG_WARN_ENUM_CONVERSION = YES;
				CLANG_WARN_INT_CONVERSION = YES;
				CLANG_WARN_OBJC_ROOT_CLASS = YES_ERROR;
				CLANG_WARN_UNREACHABLE_CODE = YES;
				CLANG_WARN__DUPLICATE_METHOD_MATCH = YES;
				"CODE_SIGN_IDENTITY[sdk=iphoneos*]" = "iPhone Developer";
				COPY_PHASE_STRIP = NO;
				DEBUG_INFORMATION_FORMAT = "dwarf-with-dsym";
				ENABLE_NS_ASSERTIONS = NO;
				ENABLE_STRICT_OBJC_MSGSEND = YES;
				GCC_C_LANGUAGE_STANDARD = gnu99;
				GCC_NO_COMMON_BLOCKS = YES;
				GCC_WARN_64_TO_32_BIT_CONVERSION = YES;
				GCC_WARN_ABOUT_RETURN_TYPE = YES_ERROR;
				GCC_WARN_UNDECLARED_SELECTOR = YES;
				GCC_WARN_UNINITIALIZED_AUTOS = YES_AGGRESSIVE;
				GCC_WARN_UNUSED_FUNCTION = YES;
				GCC_WARN_UNUSED_VARIABLE = YES;
				IPHONEOS_DEPLOYMENT_TARGET = 9.2;
				MTL_ENABLE_DEBUG_INFO = NO;
				SDKROOT = iphoneos;
				TARGETED_DEVICE_FAMILY = "1,2";
				VALIDATE_PRODUCT = YES;
			};
			name = Release;
		};
		A7A4E2261CA914AD00D2D8E1 /* Debug */ = {
			isa = XCBuildConfiguration;
			buildSettings = {
				ASSETCATALOG_COMPILER_APPICON_NAME = AppIcon;
				INFOPLIST_FILE = "ejemplo mapas/Info.plist";
				LD_RUNPATH_SEARCH_PATHS = "$(inherited) @executable_path/Frameworks";
				PRODUCT_BUNDLE_IDENTIFIER = "MeloSoft.ejemplo-mapas";
				PRODUCT_NAME = "$(TARGET_NAME)";
			};
			name = Debug;
		};
		A7A4E2271CA914AD00D2D8E1 /* Release */ = {
			isa = XCBuildConfiguration;
			buildSettings = {
				ASSETCATALOG_COMPILER_APPICON_NAME = AppIcon;
				INFOPLIST_FILE = "ejemplo mapas/Info.plist";
				LD_RUNPATH_SEARCH_PATHS = "$(inherited) @executable_path/Frameworks";
				PRODUCT_BUNDLE_IDENTIFIER = "MeloSoft.ejemplo-mapas";
				PRODUCT_NAME = "$(TARGET_NAME)";
			};
			name = Release;
		};
		A7A4E2291CA914AD00D2D8E1 /* Debug */ = {
			isa = XCBuildConfiguration;
			buildSettings = {
				BUNDLE_LOADER = "$(TEST_HOST)";
				INFOPLIST_FILE = "ejemplo mapasTests/Info.plist";
				LD_RUNPATH_SEARCH_PATHS = "$(inherited) @executable_path/Frameworks @loader_path/Frameworks";
				PRODUCT_BUNDLE_IDENTIFIER = "MeloSoft.ejemplo-mapasTests";
				PRODUCT_NAME = "$(TARGET_NAME)";
				TEST_HOST = "$(BUILT_PRODUCTS_DIR)/ejemplo mapas.app/ejemplo mapas";
			};
			name = Debug;
		};
		A7A4E22A1CA914AD00D2D8E1 /* Release */ = {
			isa = XCBuildConfiguration;
			buildSettings = {
				BUNDLE_LOADER = "$(TEST_HOST)";
				INFOPLIST_FILE = "ejemplo mapasTests/Info.plist";
				LD_RUNPATH_SEARCH_PATHS = "$(inherited) @executable_path/Frameworks @loader_path/Frameworks";
				PRODUCT_BUNDLE_IDENTIFIER = "MeloSoft.ejemplo-mapasTests";
				PRODUCT_NAME = "$(TARGET_NAME)";
				TEST_HOST = "$(BUILT_PRODUCTS_DIR)/ejemplo mapas.app/ejemplo mapas";
			};
			name = Release;
		};
		A7A4E22C1CA914AD00D2D8E1 /* Debug */ = {
			isa = XCBuildConfiguration;
			buildSettings = {
				INFOPLIST_FILE = "ejemplo mapasUITests/Info.plist";
				LD_RUNPATH_SEARCH_PATHS = "$(inherited) @executable_path/Frameworks @loader_path/Frameworks";
				PRODUCT_BUNDLE_IDENTIFIER = "MeloSoft.ejemplo-mapasUITests";
				PRODUCT_NAME = "$(TARGET_NAME)";
				TEST_TARGET_NAME = "ejemplo mapas";
				USES_XCTRUNNER = YES;
			};
			name = Debug;
		};
		A7A4E22D1CA914AD00D2D8E1 /* Release */ = {
			isa = XCBuildConfiguration;
			buildSettings = {
				INFOPLIST_FILE = "ejemplo mapasUITests/Info.plist";
				LD_RUNPATH_SEARCH_PATHS = "$(inherited) @executable_path/Frameworks @loader_path/Frameworks";
				PRODUCT_BUNDLE_IDENTIFIER = "MeloSoft.ejemplo-mapasUITests";
				PRODUCT_NAME = "$(TARGET_NAME)";
				TEST_TARGET_NAME = "ejemplo mapas";
				USES_XCTRUNNER = YES;
			};
			name = Release;
		};
/* End XCBuildConfiguration section */

/* Begin XCConfigurationList section */
		A7A4E1F51CA914AC00D2D8E1 /* Build configuration list for PBXProject "ejemplo mapas" */ = {
			isa = XCConfigurationList;
			buildConfigurations = (
				A7A4E2231CA914AD00D2D8E1 /* Debug */,
				A7A4E2241CA914AD00D2D8E1 /* Release */,
			);
			defaultConfigurationIsVisible = 0;
			defaultConfigurationName = Release;
		};
		A7A4E2251CA914AD00D2D8E1 /* Build configuration list for PBXNativeTarget "ejemplo mapas" */ = {
			isa = XCConfigurationList;
			buildConfigurations = (
				A7A4E2261CA914AD00D2D8E1 /* Debug */,
				A7A4E2271CA914AD00D2D8E1 /* Release */,
			);
			defaultConfigurationIsVisible = 0;
		};
		A7A4E2281CA914AD00D2D8E1 /* Build configuration list for PBXNativeTarget "ejemplo mapasTests" */ = {
			isa = XCConfigurationList;
			buildConfigurations = (
				A7A4E2291CA914AD00D2D8E1 /* Debug */,
				A7A4E22A1CA914AD00D2D8E1 /* Release */,
			);
			defaultConfigurationIsVisible = 0;
		};
		A7A4E22B1CA914AD00D2D8E1 /* Build configuration list for PBXNativeTarget "ejemplo mapasUITests" */ = {
			isa = XCConfigurationList;
			buildConfigurations = (
				A7A4E22C1CA914AD00D2D8E1 /* Debug */,
				A7A4E22D1CA914AD00D2D8E1 /* Release */,
			);
			defaultConfigurationIsVisible = 0;
		};
/* End XCConfigurationList section */

/* Begin XCVersionGroup section */
		A7A4E2041CA914AC00D2D8E1 /* ejemplo_mapas.xcdatamodeld */ = {
			isa = XCVersionGroup;
			children = (
				A7A4E2051CA914AC00D2D8E1 /* ejemplo_mapas.xcdatamodel */,
			);
			currentVersion = A7A4E2051CA914AC00D2D8E1 /* ejemplo_mapas.xcdatamodel */;
			path = ejemplo_mapas.xcdatamodeld;
			sourceTree = "<group>";
			versionGroupType = wrapper.xcdatamodel;
		};
/* End XCVersionGroup section */
	};
	rootObject = A7A4E1F21CA914AC00D2D8E1 /* Project object */;
}
